project=velocity
apiVersion=3.5.0-SNAPSHOT
version=3.5.0-SNAPSHOT
build=605
channel=STABLE
time=2026-06-16T11:29:10.237Z
downloadName=velocity-3.5.0-SNAPSHOT-605.jar
downloadUrl=https://fill-data.papermc.io/v1/objects/0ec616020166465dacca3b790d3db2b246f8f7c13b3aaacaae60c825744a66e0/velocity-3.5.0-SNAPSHOT-605.jar
sha256=0ec616020166465dacca3b790d3db2b246f8f7c13b3aaacaae60c825744a66e0
